
Microsoft Visual Studio Solution File, Format Version 12.00
# Visual Studio Version 18
VisualStudioVersion = 18.3.11520.95
MinimumVisualStudioVersion = 10.0.40219.1
Project("{FAE04EC0-301F-11D3-BF4B-00C04F79EFBC}") = "InterpolationApi", "InterpolationApi\InterpolationApi.csproj", "{F99978EF-2E6E-875A-5B8F-F2B2F2B1CFE5}"
EndProject
Project("{FAE04EC0-301F-11D3-BF4B-00C04F79EFBC}") = "InterpolationApiTest", "InterpolationApiTest\InterpolationApiTest.csproj", "{DC0884CD-2A75-2BAF-3F7F-C7166B7DA8D8}"
EndProject
Global
	GlobalSection(SolutionConfigurationPlatforms) = preSolution
		Debug|Any CPU = Debug|Any CPU
		Release|Any CPU = Release|Any CPU
	EndGlobalSection
	GlobalSection(ProjectConfigurationPlatforms) = postSolution
		{F99978EF-2E6E-875A-5B8F-F2B2F2B1CFE5}.Debug|Any CPU.ActiveCfg = Debug|Any CPU
		{F99978EF-2E6E-875A-5B8F-F2B2F2B1CFE5}.Debug|Any CPU.Build.0 = Debug|Any CPU
		{F99978EF-2E6E-875A-5B8F-F2B2F2B1CFE5}.Release|Any CPU.ActiveCfg = Release|Any CPU
		{F99978EF-2E6E-875A-5B8F-F2B2F2B1CFE5}.Release|Any CPU.Build.0 = Release|Any CPU
		{DC0884CD-2A75-2BAF-3F7F-C7166B7DA8D8}.Debug|Any CPU.ActiveCfg = Debug|Any CPU
		{DC0884CD-2A75-2BAF-3F7F-C7166B7DA8D8}.Debug|Any CPU.Build.0 = Debug|Any CPU
		{DC0884CD-2A75-2BAF-3F7F-C7166B7DA8D8}.Release|Any CPU.ActiveCfg = Release|Any CPU
		{DC0884CD-2A75-2BAF-3F7F-C7166B7DA8D8}.Release|Any CPU.Build.0 = Release|Any CPU
	EndGlobalSection
	GlobalSection(SolutionProperties) = preSolution
		HideSolutionNode = FALSE
	EndGlobalSection
	GlobalSection(ExtensibilityGlobals) = postSolution
		SolutionGuid = {4BFCFF47-F37A-4A24-A228-813E9AFD1D02}
	EndGlobalSection
EndGlobal
