
Microsoft Visual Studio Solution File, Format Version 12.00
# Visual Studio Version 18
VisualStudioVersion = 18.3.11520.95 d18.3
MinimumVisualStudioVersion = 10.0.40219.1
Project("{FAE04EC0-301F-11D3-BF4B-00C04F79EFBC}") = "InterpolationApi", "InterpolationApi.csproj", "{E3B77A0C-1D98-4994-63B1-6F75D7509C14}"
EndProject
Global
	GlobalSection(SolutionConfigurationPlatforms) = preSolution
		Debug|Any CPU = Debug|Any CPU
		Release|Any CPU = Release|Any CPU
	EndGlobalSection
	GlobalSection(ProjectConfigurationPlatforms) = postSolution
		{E3B77A0C-1D98-4994-63B1-6F75D7509C14}.Debug|Any CPU.ActiveCfg = Debug|Any CPU
		{E3B77A0C-1D98-4994-63B1-6F75D7509C14}.Debug|Any CPU.Build.0 = Debug|Any CPU
		{E3B77A0C-1D98-4994-63B1-6F75D7509C14}.Release|Any CPU.ActiveCfg = Release|Any CPU
		{E3B77A0C-1D98-4994-63B1-6F75D7509C14}.Release|Any CPU.Build.0 = Release|Any CPU
	EndGlobalSection
	GlobalSection(SolutionProperties) = preSolution
		HideSolutionNode = FALSE
	EndGlobalSection
	GlobalSection(ExtensibilityGlobals) = postSolution
		SolutionGuid = {4BFCFF47-F37A-4A24-A228-813E9AFD1D02}
	EndGlobalSection
EndGlobal
